// !$*UTF8*$!
{
	archiveVersion = 1;
	classes = {
	};
	objectVersion = 51;
	objects = {

/* Begin PBXBuildFile section */
		03CFE47A25502AAD00111B52 /* VHVideoPointPopView.m in Sources */ = {isa = PBXBuildFile; fileRef = 03CFE47925502AAD00111B52 /* VHVideoPointPopView.m */; };
		03CFE47D25502FC900111B52 /* MBProgressHUD.m in Sources */ = {isa = PBXBuildFile; fileRef = 03CFE47B25502FC800111B52 /* MBProgressHUD.m */; };
		4EB3C8E826CA624F00F9DF71 /* WatchTimeshiftViewController.m in Sources */ = {isa = PBXBuildFile; fileRef = 4EB3C8E626CA624F00F9DF71 /* WatchTimeshiftViewController.m */; };
		4EB3C8E926CA624F00F9DF71 /* WatchTimeshiftViewController.xib in Resources */ = {isa = PBXBuildFile; fileRef = 4EB3C8E726CA624F00F9DF71 /* WatchTimeshiftViewController.xib */; };
		C009D546230BDB2000F22516 /* VHSkinCoverView.m in Sources */ = {isa = PBXBuildFile; fileRef = C009D530230BDB2000F22516 /* VHSkinCoverView.m */; };
		C009D547230BDB2000F22516 /* VHCstomMoreView.m in Sources */ = {isa = PBXBuildFile; fileRef = C009D532230BDB2000F22516 /* VHCstomMoreView.m */; };
		C009D548230BDB2000F22516 /* VHCstomResolutionView.m in Sources */ = {isa = PBXBuildFile; fileRef = C009D536230BDB2000F22516 /* VHCstomResolutionView.m */; };
		C009D549230BDB2000F22516 /* VHCustomPlayerSkinView.m in Sources */ = {isa = PBXBuildFile; fileRef = C009D537230BDB2000F22516 /* VHCustomPlayerSkinView.m */; };
		C009D54A230BDB2000F22516 /* VHBaseSkinPlayerView.m in Sources */ = {isa = PBXBuildFile; fileRef = C009D53A230BDB2000F22516 /* VHBaseSkinPlayerView.m */; };
		C009D54B230BDB2000F22516 /* VHPlayerSkinTool.m in Sources */ = {isa = PBXBuildFile; fileRef = C009D53D230BDB2000F22516 /* VHPlayerSkinTool.m */; };
		C009D54C230BDB2000F22516 /* UIView+Fade.m in Sources */ = {isa = PBXBuildFile; fileRef = C009D53E230BDB2000F22516 /* UIView+Fade.m */; };
		C009D54D230BDB2000F22516 /* VHSKinBundle.bundle in Resources */ = {isa = PBXBuildFile; fileRef = C009D540230BDB2000F22516 /* VHSKinBundle.bundle */; };
		C009D54E230BDB2000F22516 /* VHPlaySlider.m in Sources */ = {isa = PBXBuildFile; fileRef = C009D543230BDB2000F22516 /* VHPlaySlider.m */; };
		C009D54F230BDB2000F22516 /* VHSwitch.m in Sources */ = {isa = PBXBuildFile; fileRef = C009D544230BDB2000F22516 /* VHSwitch.m */; };
		C0200D962326495A0074C488 /* libc++.1.tbd in Frameworks */ = {isa = PBXBuildFile; fileRef = C0200D952326495A0074C488 /* libc++.1.tbd */; };
		C02F5CEF230FF3C200AE2A4B /* VHSmallPlayerWindow.m in Sources */ = {isa = PBXBuildFile; fileRef = C02F5CEE230FF3C200AE2A4B /* VHSmallPlayerWindow.m */; };
		C051421522E1723A004E89D6 /* AppDelegate.m in Sources */ = {isa = PBXBuildFile; fileRef = C051421422E1723A004E89D6 /* AppDelegate.m */; };
		C051421822E1723A004E89D6 /* ViewController.m in Sources */ = {isa = PBXBuildFile; fileRef = C051421722E1723A004E89D6 /* ViewController.m */; };
		C051421B22E1723A004E89D6 /* Main.storyboard in Resources */ = {isa = PBXBuildFile; fileRef = C051421922E1723A004E89D6 /* Main.storyboard */; };
		C051421D22E17249004E89D6 /* Assets.xcassets in Resources */ = {isa = PBXBuildFile; fileRef = C051421C22E17249004E89D6 /* Assets.xcassets */; };
		C051422022E17249004E89D6 /* LaunchScreen.storyboard in Resources */ = {isa = PBXBuildFile; fileRef = C051421E22E17249004E89D6 /* LaunchScreen.storyboard */; };
		C051422322E17249004E89D6 /* main.m in Sources */ = {isa = PBXBuildFile; fileRef = C051422222E17249004E89D6 /* main.m */; };
		C051B81E256B93E7007B2CD6 /* libVHDLNA.a in Frameworks */ = {isa = PBXBuildFile; fileRef = C051B807256B93E7007B2CD6 /* libVHDLNA.a */; };
		C051B81F256B93E7007B2CD6 /* DLNAView.m in Sources */ = {isa = PBXBuildFile; fileRef = C051B808256B93E7007B2CD6 /* DLNAView.m */; };
		C051B820256B93E7007B2CD6 /* DLNA_sound_max@2x.png in Resources */ = {isa = PBXBuildFile; fileRef = C051B80A256B93E7007B2CD6 /* DLNA_sound_max@2x.png */; };
		C051B821256B93E7007B2CD6 /* DLNA_Play@2x.png in Resources */ = {isa = PBXBuildFile; fileRef = C051B80B256B93E7007B2CD6 /* DLNA_Play@2x.png */; };
		C051B822256B93E7007B2CD6 /* DLNA_sound_min@2x.png in Resources */ = {isa = PBXBuildFile; fileRef = C051B80C256B93E7007B2CD6 /* DLNA_sound_min@2x.png */; };
		C051B823256B93E7007B2CD6 /* DLNA_sound_min@3x.png in Resources */ = {isa = PBXBuildFile; fileRef = C051B80D256B93E7007B2CD6 /* DLNA_sound_min@3x.png */; };
		C051B824256B93E7007B2CD6 /* DLNA_Play@3x.png in Resources */ = {isa = PBXBuildFile; fileRef = C051B80E256B93E7007B2CD6 /* DLNA_Play@3x.png */; };
		C051B825256B93E7007B2CD6 /* DLNA_sound_max@3x.png in Resources */ = {isa = PBXBuildFile; fileRef = C051B80F256B93E7007B2CD6 /* DLNA_sound_max@3x.png */; };
		C051B826256B93E7007B2CD6 /* DLNA_close@2x.png in Resources */ = {isa = PBXBuildFile; fileRef = C051B810256B93E7007B2CD6 /* DLNA_close@2x.png */; };
		C051B827256B93E7007B2CD6 /* DLNA_hide@2x.png in Resources */ = {isa = PBXBuildFile; fileRef = C051B811256B93E7007B2CD6 /* DLNA_hide@2x.png */; };
		C051B828256B93E7007B2CD6 /* DLNA_hide@3x.png in Resources */ = {isa = PBXBuildFile; fileRef = C051B812256B93E7007B2CD6 /* DLNA_hide@3x.png */; };
		C051B829256B93E7007B2CD6 /* DLNA_close@3x.png in Resources */ = {isa = PBXBuildFile; fileRef = C051B813256B93E7007B2CD6 /* DLNA_close@3x.png */; };
		C051B82A256B93E7007B2CD6 /* DLNA_Pause@3x.png in Resources */ = {isa = PBXBuildFile; fileRef = C051B814256B93E7007B2CD6 /* DLNA_Pause@3x.png */; };
		C051B82B256B93E7007B2CD6 /* DLNA_show@3x.png in Resources */ = {isa = PBXBuildFile; fileRef = C051B815256B93E7007B2CD6 /* DLNA_show@3x.png */; };
		C051B82C256B93E7007B2CD6 /* DLNA_show@2x.png in Resources */ = {isa = PBXBuildFile; fileRef = C051B816256B93E7007B2CD6 /* DLNA_show@2x.png */; };
		C051B82D256B93E7007B2CD6 /* DLNA_Pause@2x.png in Resources */ = {isa = PBXBuildFile; fileRef = C051B817256B93E7007B2CD6 /* DLNA_Pause@2x.png */; };
		C051B82E256B93E7007B2CD6 /* DLNA_seekbar@2x.png in Resources */ = {isa = PBXBuildFile; fileRef = C051B818256B93E7007B2CD6 /* DLNA_seekbar@2x.png */; };
		C051B82F256B93E7007B2CD6 /* DLNA_seekbar@3x.png in Resources */ = {isa = PBXBuildFile; fileRef = C051B819256B93E7007B2CD6 /* DLNA_seekbar@3x.png */; };
		C051B830256B93E7007B2CD6 /* DeviceTableViewCell.m in Sources */ = {isa = PBXBuildFile; fileRef = C051B81D256B93E7007B2CD6 /* DeviceTableViewCell.m */; };
		C0958D29231548500008BF75 /* VHPlayerSkinViewController.m in Sources */ = {isa = PBXBuildFile; fileRef = C0958D27231548500008BF75 /* VHPlayerSkinViewController.m */; };
		C0B8784022E5C4A000054CA8 /* ViewController+vhall.m in Sources */ = {isa = PBXBuildFile; fileRef = C0B8782722E5C4A000054CA8 /* ViewController+vhall.m */; };
		C0B8784122E5C4A000054CA8 /* InitSDKViewController.m in Sources */ = {isa = PBXBuildFile; fileRef = C0B8782822E5C4A000054CA8 /* InitSDKViewController.m */; };
		C0B8784222E5C4A000054CA8 /* InitSDKViewController.xib in Resources */ = {isa = PBXBuildFile; fileRef = C0B8782922E5C4A000054CA8 /* InitSDKViewController.xib */; };
		C0B8784322E5C4A000054CA8 /* VHStatisticsStystem.m in Sources */ = {isa = PBXBuildFile; fileRef = C0B8782C22E5C4A000054CA8 /* VHStatisticsStystem.m */; };
		C0B8784422E5C4A000054CA8 /* CALayer+XibConfiguration.m in Sources */ = {isa = PBXBuildFile; fileRef = C0B8782F22E5C4A000054CA8 /* CALayer+XibConfiguration.m */; };
		C0B8784522E5C4A000054CA8 /* UIAlertView+ITTAdditions.m in Sources */ = {isa = PBXBuildFile; fileRef = C0B8783022E5C4A000054CA8 /* UIAlertView+ITTAdditions.m */; };
		C0B8784622E5C4A000054CA8 /* UIView+ITTAdditions.m in Sources */ = {isa = PBXBuildFile; fileRef = C0B8783422E5C4A000054CA8 /* UIView+ITTAdditions.m */; };
		C0B8784822E5C4A000054CA8 /* MBHUDHelper.m in Sources */ = {isa = PBXBuildFile; fileRef = C0B8783922E5C4A000054CA8 /* MBHUDHelper.m */; };
		C0B8784922E5C4A000054CA8 /* VHStystemSetting.m in Sources */ = {isa = PBXBuildFile; fileRef = C0B8783C22E5C4A000054CA8 /* VHStystemSetting.m */; };
		C0B8784A22E5C4A000054CA8 /* VHBaseViewController.m in Sources */ = {isa = PBXBuildFile; fileRef = C0B8783E22E5C4A000054CA8 /* VHBaseViewController.m */; };
		C0B8785922E5C4E200054CA8 /* WatchViewController.xib in Resources */ = {isa = PBXBuildFile; fileRef = C0B8784C22E5C4E200054CA8 /* WatchViewController.xib */; };
		C0B8785A22E5C4E200054CA8 /* WatchVodViewController.xib in Resources */ = {isa = PBXBuildFile; fileRef = C0B8784D22E5C4E200054CA8 /* WatchVodViewController.xib */; };
		C0B8785B22E5C4E200054CA8 /* WatchViewController.m in Sources */ = {isa = PBXBuildFile; fileRef = C0B8785022E5C4E200054CA8 /* WatchViewController.m */; };
		C0B8785C22E5C4E200054CA8 /* WatchVodViewController.m in Sources */ = {isa = PBXBuildFile; fileRef = C0B8785122E5C4E200054CA8 /* WatchVodViewController.m */; };
		C0B8785D22E5C4E200054CA8 /* PublishViewController.xib in Resources */ = {isa = PBXBuildFile; fileRef = C0B8785322E5C4E200054CA8 /* PublishViewController.xib */; };
		C0B8785E22E5C4E200054CA8 /* SampleScreenViewController.m in Sources */ = {isa = PBXBuildFile; fileRef = C0B8785422E5C4E200054CA8 /* SampleScreenViewController.m */; };
		C0B8785F22E5C4E200054CA8 /* PublishViewController.m in Sources */ = {isa = PBXBuildFile; fileRef = C0B8785522E5C4E200054CA8 /* PublishViewController.m */; };
		C0B8786022E5C4E200054CA8 /* SampleScreenViewController.xib in Resources */ = {isa = PBXBuildFile; fileRef = C0B8785822E5C4E200054CA8 /* SampleScreenViewController.xib */; };
		C0B8788422E5D5A300054CA8 /* ITTXibViewUtils.m in Sources */ = {isa = PBXBuildFile; fileRef = C0B8788122E5D5A300054CA8 /* ITTXibViewUtils.m */; };
		C0B8788522E5D5A300054CA8 /* ITTXibView.m in Sources */ = {isa = PBXBuildFile; fileRef = C0B8788222E5D5A300054CA8 /* ITTXibView.m */; };
		C0B8789822E6AAB700054CA8 /* VHSettingViewController.xib in Resources */ = {isa = PBXBuildFile; fileRef = C0B8788922E6AAB600054CA8 /* VHSettingViewController.xib */; };
		C0B8789922E6AAB700054CA8 /* VHSettingGroup.m in Sources */ = {isa = PBXBuildFile; fileRef = C0B8788B22E6AAB600054CA8 /* VHSettingGroup.m */; };
		C0B8789A22E6AAB700054CA8 /* CustomPickerView.m in Sources */ = {isa = PBXBuildFile; fileRef = C0B8788C22E6AAB600054CA8 /* CustomPickerView.m */; };
		C0B8789B22E6AAB700054CA8 /* VHSettingItem.m in Sources */ = {isa = PBXBuildFile; fileRef = C0B8788F22E6AAB600054CA8 /* VHSettingItem.m */; };
		C0B8789C22E6AAB700054CA8 /* CustomPickerView.xib in Resources */ = {isa = PBXBuildFile; fileRef = C0B8789122E6AAB600054CA8 /* CustomPickerView.xib */; };
		C0B8789D22E6AAB700054CA8 /* VHSettingArrowItem.m in Sources */ = {isa = PBXBuildFile; fileRef = C0B8789222E6AAB600054CA8 /* VHSettingArrowItem.m */; };
		C0B8789E22E6AAB700054CA8 /* VHSettingTextFieldItem.m in Sources */ = {isa = PBXBuildFile; fileRef = C0B8789522E6AAB600054CA8 /* VHSettingTextFieldItem.m */; };
		C0B8789F22E6AAB700054CA8 /* VHSettingViewController.m in Sources */ = {isa = PBXBuildFile; fileRef = C0B8789622E6AAB600054CA8 /* VHSettingViewController.m */; };
		C0B878A022E6AAB700054CA8 /* VHSettingTableViewCell.m in Sources */ = {isa = PBXBuildFile; fileRef = C0B8789722E6AAB600054CA8 /* VHSettingTableViewCell.m */; };
		C0D859D725DAD38100934807 /* ReplayKit.framework in Frameworks */ = {isa = PBXBuildFile; fileRef = C0D859D625DAD38100934807 /* ReplayKit.framework */; };
		C0D859DB25DAD38100934807 /* SampleHandler.m in Sources */ = {isa = PBXBuildFile; fileRef = C0D859DA25DAD38100934807 /* SampleHandler.m */; };
		C0D859DF25DAD38100934807 /* ScreenLive.appex in Embed App Extensions */ = {isa = PBXBuildFile; fileRef = C0D859D525DAD38100934807 /* ScreenLive.appex */; settings = {ATTRIBUTES = (RemoveHeadersOnCopy, ); }; };
		C0D859E825DD607200934807 /* VHScreenShare.framework in Frameworks */ = {isa = PBXBuildFile; fileRef = C0D859E625DD606900934807 /* VHScreenShare.framework */; };
		C0D859E925DD607200934807 /* VHScreenShare.framework in Embed Frameworks */ = {isa = PBXBuildFile; fileRef = C0D859E625DD606900934807 /* VHScreenShare.framework */; settings = {ATTRIBUTES = (CodeSignOnCopy, RemoveHeadersOnCopy, ); }; };
		FE4D2980C94CFB4D0D7E43D7 /* libPods-VHYunSDKDemo_LSS.a in Frameworks */ = {isa = PBXBuildFile; fileRef = AB915136CC252B59FD9BB571 /* libPods-VHYunSDKDemo_LSS.a */; };
/* End PBXBuildFile section */

/* Begin PBXContainerItemProxy section */
		C0D859DD25DAD38100934807 /* PBXContainerItemProxy */ = {
			isa = PBXContainerItemProxy;
			containerPortal = C051420822E1723A004E89D6 /* Project object */;
			proxyType = 1;
			remoteGlobalIDString = C0D859D425DAD38100934807;
			remoteInfo = ScreenLive;
		};
/* End PBXContainerItemProxy section */

/* Begin PBXCopyFilesBuildPhase section */
		C051426B22E1B9BA004E89D6 /* Embed Frameworks */ = {
			isa = PBXCopyFilesBuildPhase;
			buildActionMask = 2147483647;
			dstPath = "";
			dstSubfolderSpec = 10;
			files = (
			);
			name = "Embed Frameworks";
			runOnlyForDeploymentPostprocessing = 0;
		};
		C0D859E025DAD38100934807 /* Embed App Extensions */ = {
			isa = PBXCopyFilesBuildPhase;
			buildActionMask = 2147483647;
			dstPath = "";
			dstSubfolderSpec = 13;
			files = (
				C0D859DF25DAD38100934807 /* ScreenLive.appex in Embed App Extensions */,
			);
			name = "Embed App Extensions";
			runOnlyForDeploymentPostprocessing = 0;
		};
		C0D859EA25DD607200934807 /* Embed Frameworks */ = {
			isa = PBXCopyFilesBuildPhase;
			buildActionMask = 2147483647;
			dstPath = "";
			dstSubfolderSpec = 10;
			files = (
				C0D859E925DD607200934807 /* VHScreenShare.framework in Embed Frameworks */,
			);
			name = "Embed Frameworks";
			runOnlyForDeploymentPostprocessing = 0;
		};
/* End PBXCopyFilesBuildPhase section */

/* Begin PBXFileReference section */
		03CFE47825502AAD00111B52 /* VHVideoPointPopView.h */ = {isa = PBXFileReference; lastKnownFileType = sourcecode.c.h; path = VHVideoPointPopView.h; sourceTree = "<group>"; };
		03CFE47925502AAD00111B52 /* VHVideoPointPopView.m */ = {isa = PBXFileReference; lastKnownFileType = sourcecode.c.objc; path = VHVideoPointPopView.m; sourceTree = "<group>"; };
		03CFE47B25502FC800111B52 /* MBProgressHUD.m */ = {isa = PBXFileReference; fileEncoding = 4; lastKnownFileType = sourcecode.c.objc; path = MBProgressHUD.m; sourceTree = "<group>"; };
		03CFE47C25502FC900111B52 /* MBProgressHUD.h */ = {isa = PBXFileReference; fileEncoding = 4; lastKnownFileType = sourcecode.c.h; path = MBProgressHUD.h; sourceTree = "<group>"; };
		28378BEA8BE1640B26F80AB6 /* Pods-VHYunSDKDemo_LSS.release.xcconfig */ = {isa = PBXFileReference; includeInIndex = 1; lastKnownFileType = text.xcconfig; name = "Pods-VHYunSDKDemo_LSS.release.xcconfig"; path = "Target Support Files/Pods-VHYunSDKDemo_LSS/Pods-VHYunSDKDemo_LSS.release.xcconfig"; sourceTree = "<group>"; };
		410EAB3E98C959F330465D54 /* Pods-VHYunSDKDemo_LSS.debug.xcconfig */ = {isa = PBXFileReference; includeInIndex = 1; lastKnownFileType = text.xcconfig; name = "Pods-VHYunSDKDemo_LSS.debug.xcconfig"; path = "Target Support Files/Pods-VHYunSDKDemo_LSS/Pods-VHYunSDKDemo_LSS.debug.xcconfig"; sourceTree = "<group>"; };
		4EB3C8E526CA624F00F9DF71 /* WatchTimeshiftViewController.h */ = {isa = PBXFileReference; lastKnownFileType = sourcecode.c.h; path = WatchTimeshiftViewController.h; sourceTree = "<group>"; };
		4EB3C8E626CA624F00F9DF71 /* WatchTimeshiftViewController.m */ = {isa = PBXFileReference; lastKnownFileType = sourcecode.c.objc; path = WatchTimeshiftViewController.m; sourceTree = "<group>"; };
		4EB3C8E726CA624F00F9DF71 /* WatchTimeshiftViewController.xib */ = {isa = PBXFileReference; lastKnownFileType = file.xib; path = WatchTimeshiftViewController.xib; sourceTree = "<group>"; };
		9763E14BA1D1812DF75511BA /* Pods_VHYunSDKDemo_LSS.framework */ = {isa = PBXFileReference; explicitFileType = wrapper.framework; includeInIndex = 0; path = Pods_VHYunSDKDemo_LSS.framework; sourceTree = BUILT_PRODUCTS_DIR; };
		AB915136CC252B59FD9BB571 /* libPods-VHYunSDKDemo_LSS.a */ = {isa = PBXFileReference; explicitFileType = archive.ar; includeInIndex = 0; path = "libPods-VHYunSDKDemo_LSS.a"; sourceTree = BUILT_PRODUCTS_DIR; };
		C009D530230BDB2000F22516 /* VHSkinCoverView.m */ = {isa = PBXFileReference; fileEncoding = 4; lastKnownFileType = sourcecode.c.objc; path = VHSkinCoverView.m; sourceTree = "<group>"; };
		C009D532230BDB2000F22516 /* VHCstomMoreView.m */ = {isa = PBXFileReference; fileEncoding = 4; lastKnownFileType = sourcecode.c.objc; path = VHCstomMoreView.m; sourceTree = "<group>"; };
		C009D533230BDB2000F22516 /* VHCustomPlayerSkinView.h */ = {isa = PBXFileReference; fileEncoding = 4; lastKnownFileType = sourcecode.c.h; path = VHCustomPlayerSkinView.h; sourceTree = "<group>"; };
		C009D534230BDB2000F22516 /* VHCstomResolutionView.h */ = {isa = PBXFileReference; fileEncoding = 4; lastKnownFileType = sourcecode.c.h; path = VHCstomResolutionView.h; sourceTree = "<group>"; };
		C009D535230BDB2000F22516 /* VHCstomMoreView.h */ = {isa = PBXFileReference; fileEncoding = 4; lastKnownFileType = sourcecode.c.h; path = VHCstomMoreView.h; sourceTree = "<group>"; };
		C009D536230BDB2000F22516 /* VHCstomResolutionView.m */ = {isa = PBXFileReference; fileEncoding = 4; lastKnownFileType = sourcecode.c.objc; path = VHCstomResolutionView.m; sourceTree = "<group>"; };
		C009D537230BDB2000F22516 /* VHCustomPlayerSkinView.m */ = {isa = PBXFileReference; fileEncoding = 4; lastKnownFileType = sourcecode.c.objc; path = VHCustomPlayerSkinView.m; sourceTree = "<group>"; };
		C009D538230BDB2000F22516 /* VHBaseSkinPlayerView.h */ = {isa = PBXFileReference; fileEncoding = 4; lastKnownFileType = sourcecode.c.h; path = VHBaseSkinPlayerView.h; sourceTree = "<group>"; };
		C009D539230BDB2000F22516 /* VHSkinCoverView.h */ = {isa = PBXFileReference; fileEncoding = 4; lastKnownFileType = sourcecode.c.h; path = VHSkinCoverView.h; sourceTree = "<group>"; };
		C009D53A230BDB2000F22516 /* VHBaseSkinPlayerView.m */ = {isa = PBXFileReference; fileEncoding = 4; lastKnownFileType = sourcecode.c.objc; path = VHBaseSkinPlayerView.m; sourceTree = "<group>"; };
		C009D53C230BDB2000F22516 /* UIView+Fade.h */ = {isa = PBXFileReference; fileEncoding = 4; lastKnownFileType = sourcecode.c.h; path = "UIView+Fade.h"; sourceTree = "<group>"; };
		C009D53D230BDB2000F22516 /* VHPlayerSkinTool.m */ = {isa = PBXFileReference; fileEncoding = 4; lastKnownFileType = sourcecode.c.objc; path = VHPlayerSkinTool.m; sourceTree = "<group>"; };
		C009D53E230BDB2000F22516 /* UIView+Fade.m */ = {isa = PBXFileReference; fileEncoding = 4; lastKnownFileType = sourcecode.c.objc; path = "UIView+Fade.m"; sourceTree = "<group>"; };
		C009D53F230BDB2000F22516 /* VHPlayerSkinTool.h */ = {isa = PBXFileReference; fileEncoding = 4; lastKnownFileType = sourcecode.c.h; path = VHPlayerSkinTool.h; sourceTree = "<group>"; };
		C009D540230BDB2000F22516 /* VHSKinBundle.bundle */ = {isa = PBXFileReference; lastKnownFileType = "wrapper.plug-in"; path = VHSKinBundle.bundle; sourceTree = "<group>"; };
		C009D542230BDB2000F22516 /* VHSwitch.h */ = {isa = PBXFileReference; fileEncoding = 4; lastKnownFileType = sourcecode.c.h; path = VHSwitch.h; sourceTree = "<group>"; };
		C009D543230BDB2000F22516 /* VHPlaySlider.m */ = {isa = PBXFileReference; fileEncoding = 4; lastKnownFileType = sourcecode.c.objc; path = VHPlaySlider.m; sourceTree = "<group>"; };
		C009D544230BDB2000F22516 /* VHSwitch.m */ = {isa = PBXFileReference; fileEncoding = 4; lastKnownFileType = sourcecode.c.objc; path = VHSwitch.m; sourceTree = "<group>"; };
		C009D545230BDB2000F22516 /* VHPlaySlider.h */ = {isa = PBXFileReference; fileEncoding = 4; lastKnownFileType = sourcecode.c.h; path = VHPlaySlider.h; sourceTree = "<group>"; };
		C017BA8522F28DB800A103EC /* CONSTS.h */ = {isa = PBXFileReference; lastKnownFileType = sourcecode.c.h; path = CONSTS.h; sourceTree = "<group>"; };
		C0200D952326495A0074C488 /* libc++.1.tbd */ = {isa = PBXFileReference; lastKnownFileType = "sourcecode.text-based-dylib-definition"; name = "libc++.1.tbd"; path = "usr/lib/libc++.1.tbd"; sourceTree = SDKROOT; };
		C02F5CED230FF3C200AE2A4B /* VHSmallPlayerWindow.h */ = {isa = PBXFileReference; lastKnownFileType = sourcecode.c.h; path = VHSmallPlayerWindow.h; sourceTree = "<group>"; };
		C02F5CEE230FF3C200AE2A4B /* VHSmallPlayerWindow.m */ = {isa = PBXFileReference; lastKnownFileType = sourcecode.c.objc; path = VHSmallPlayerWindow.m; sourceTree = "<group>"; };
		C051421022E1723A004E89D6 /* VHYunSDKDemo_LSS.app */ = {isa = PBXFileReference; explicitFileType = wrapper.application; includeInIndex = 0; path = VHYunSDKDemo_LSS.app; sourceTree = BUILT_PRODUCTS_DIR; };
		C051421322E1723A004E89D6 /* AppDelegate.h */ = {isa = PBXFileReference; lastKnownFileType = sourcecode.c.h; path = AppDelegate.h; sourceTree = "<group>"; };
		C051421422E1723A004E89D6 /* AppDelegate.m */ = {isa = PBXFileReference; lastKnownFileType = sourcecode.c.objc; path = AppDelegate.m; sourceTree = "<group>"; };
		C051421622E1723A004E89D6 /* ViewController.h */ = {isa = PBXFileReference; lastKnownFileType = sourcecode.c.h; path = ViewController.h; sourceTree = "<group>"; };
		C051421722E1723A004E89D6 /* ViewController.m */ = {isa = PBXFileReference; lastKnownFileType = sourcecode.c.objc; path = ViewController.m; sourceTree = "<group>"; };
		C051421A22E1723A004E89D6 /* Base */ = {isa = PBXFileReference; lastKnownFileType = file.storyboard; name = Base; path = Base.lproj/Main.storyboard; sourceTree = "<group>"; };
		C051421C22E17249004E89D6 /* Assets.xcassets */ = {isa = PBXFileReference; lastKnownFileType = folder.assetcatalog; path = Assets.xcassets; sourceTree = "<group>"; };
		C051421F22E17249004E89D6 /* Base */ = {isa = PBXFileReference; lastKnownFileType = file.storyboard; name = Base; path = Base.lproj/LaunchScreen.storyboard; sourceTree = "<group>"; };
		C051422122E17249004E89D6 /* Info.plist */ = {isa = PBXFileReference; lastKnownFileType = text.plist.xml; path = Info.plist; sourceTree = "<group>"; };
		C051422222E17249004E89D6 /* main.m */ = {isa = PBXFileReference; lastKnownFileType = sourcecode.c.objc; path = main.m; sourceTree = "<group>"; };
		C051B805256B93E7007B2CD6 /* VHDLNAControl.h */ = {isa = PBXFileReference; fileEncoding = 4; lastKnownFileType = sourcecode.c.h; path = VHDLNAControl.h; sourceTree = "<group>"; };
		C051B806256B93E7007B2CD6 /* VHDLNADevice.h */ = {isa = PBXFileReference; fileEncoding = 4; lastKnownFileType = sourcecode.c.h; path = VHDLNADevice.h; sourceTree = "<group>"; };
		C051B807256B93E7007B2CD6 /* libVHDLNA.a */ = {isa = PBXFileReference; lastKnownFileType = archive.ar; path = libVHDLNA.a; sourceTree = "<group>"; };
		C051B808256B93E7007B2CD6 /* DLNAView.m */ = {isa = PBXFileReference; fileEncoding = 4; lastKnownFileType = sourcecode.c.objc; path = DLNAView.m; sourceTree = "<group>"; };
		C051B80A256B93E7007B2CD6 /* DLNA_sound_max@2x.png */ = {isa = PBXFileReference; lastKnownFileType = image.png; path = "DLNA_sound_max@2x.png"; sourceTree = "<group>"; };
		C051B80B256B93E7007B2CD6 /* DLNA_Play@2x.png */ = {isa = PBXFileReference; lastKnownFileType = image.png; path = "DLNA_Play@2x.png"; sourceTree = "<group>"; };
		C051B80C256B93E7007B2CD6 /* DLNA_sound_min@2x.png */ = {isa = PBXFileReference; lastKnownFileType = image.png; path = "DLNA_sound_min@2x.png"; sourceTree = "<group>"; };
		C051B80D256B93E7007B2CD6 /* DLNA_sound_min@3x.png */ = {isa = PBXFileReference; lastKnownFileType = image.png; path = "DLNA_sound_min@3x.png"; sourceTree = "<group>"; };
		C051B80E256B93E7007B2CD6 /* DLNA_Play@3x.png */ = {isa = PBXFileReference; lastKnownFileType = image.png; path = "DLNA_Play@3x.png"; sourceTree = "<group>"; };
		C051B80F256B93E7007B2CD6 /* DLNA_sound_max@3x.png */ = {isa = PBXFileReference; lastKnownFileType = image.png; path = "DLNA_sound_max@3x.png"; sourceTree = "<group>"; };
		C051B810256B93E7007B2CD6 /* DLNA_close@2x.png */ = {isa = PBXFileReference; lastKnownFileType = image.png; path = "DLNA_close@2x.png"; sourceTree = "<group>"; };
		C051B811256B93E7007B2CD6 /* DLNA_hide@2x.png */ = {isa = PBXFileReference; lastKnownFileType = image.png; path = "DLNA_hide@2x.png"; sourceTree = "<group>"; };
		C051B812256B93E7007B2CD6 /* DLNA_hide@3x.png */ = {isa = PBXFileReference; lastKnownFileType = image.png; path = "DLNA_hide@3x.png"; sourceTree = "<group>"; };
		C051B813256B93E7007B2CD6 /* DLNA_close@3x.png */ = {isa = PBXFileReference; lastKnownFileType = image.png; path = "DLNA_close@3x.png"; sourceTree = "<group>"; };
		C051B814256B93E7007B2CD6 /* DLNA_Pause@3x.png */ = {isa = PBXFileReference; lastKnownFileType = image.png; path = "DLNA_Pause@3x.png"; sourceTree = "<group>"; };
		C051B815256B93E7007B2CD6 /* DLNA_show@3x.png */ = {isa = PBXFileReference; lastKnownFileType = image.png; path = "DLNA_show@3x.png"; sourceTree = "<group>"; };
		C051B816256B93E7007B2CD6 /* DLNA_show@2x.png */ = {isa = PBXFileReference; lastKnownFileType = image.png; path = "DLNA_show@2x.png"; sourceTree = "<group>"; };
		C051B817256B93E7007B2CD6 /* DLNA_Pause@2x.png */ = {isa = PBXFileReference; lastKnownFileType = image.png; path = "DLNA_Pause@2x.png"; sourceTree = "<group>"; };
		C051B818256B93E7007B2CD6 /* DLNA_seekbar@2x.png */ = {isa = PBXFileReference; lastKnownFileType = image.png; path = "DLNA_seekbar@2x.png"; sourceTree = "<group>"; };
		C051B819256B93E7007B2CD6 /* DLNA_seekbar@3x.png */ = {isa = PBXFileReference; lastKnownFileType = image.png; path = "DLNA_seekbar@3x.png"; sourceTree = "<group>"; };
		C051B81A256B93E7007B2CD6 /* DLNAView.h */ = {isa = PBXFileReference; fileEncoding = 4; lastKnownFileType = sourcecode.c.h; path = DLNAView.h; sourceTree = "<group>"; };
		C051B81C256B93E7007B2CD6 /* DeviceTableViewCell.h */ = {isa = PBXFileReference; fileEncoding = 4; lastKnownFileType = sourcecode.c.h; path = DeviceTableViewCell.h; sourceTree = "<group>"; };
		C051B81D256B93E7007B2CD6 /* DeviceTableViewCell.m */ = {isa = PBXFileReference; fileEncoding = 4; lastKnownFileType = sourcecode.c.objc; path = DeviceTableViewCell.m; sourceTree = "<group>"; };
		C0958D27231548500008BF75 /* VHPlayerSkinViewController.m */ = {isa = PBXFileReference; fileEncoding = 4; lastKnownFileType = sourcecode.c.objc; path = VHPlayerSkinViewController.m; sourceTree = "<group>"; };
		C0958D28231548500008BF75 /* VHPlayerSkinViewController.h */ = {isa = PBXFileReference; fileEncoding = 4; lastKnownFileType = sourcecode.c.h; path = VHPlayerSkinViewController.h; sourceTree = "<group>"; };
		C0B8782622E5C4A000054CA8 /* InitSDKViewController.h */ = {isa = PBXFileReference; fileEncoding = 4; lastKnownFileType = sourcecode.c.h; path = InitSDKViewController.h; sourceTree = "<group>"; };
		C0B8782722E5C4A000054CA8 /* ViewController+vhall.m */ = {isa = PBXFileReference; fileEncoding = 4; lastKnownFileType = sourcecode.c.objc; path = "ViewController+vhall.m"; sourceTree = "<group>"; };
		C0B8782822E5C4A000054CA8 /* InitSDKViewController.m */ = {isa = PBXFileReference; fileEncoding = 4; lastKnownFileType = sourcecode.c.objc; path = InitSDKViewController.m; sourceTree = "<group>"; };
		C0B8782922E5C4A000054CA8 /* InitSDKViewController.xib */ = {isa = PBXFileReference; fileEncoding = 4; lastKnownFileType = file.xib; path = InitSDKViewController.xib; sourceTree = "<group>"; };
		C0B8782A22E5C4A000054CA8 /* ViewController+vhall.h */ = {isa = PBXFileReference; fileEncoding = 4; lastKnownFileType = sourcecode.c.h; path = "ViewController+vhall.h"; sourceTree = "<group>"; };
		C0B8782C22E5C4A000054CA8 /* VHStatisticsStystem.m */ = {isa = PBXFileReference; fileEncoding = 4; lastKnownFileType = sourcecode.c.objc; path = VHStatisticsStystem.m; sourceTree = "<group>"; };
		C0B8782D22E5C4A000054CA8 /* VHStatisticsStystem.h */ = {isa = PBXFileReference; fileEncoding = 4; lastKnownFileType = sourcecode.c.h; path = VHStatisticsStystem.h; sourceTree = "<group>"; };
		C0B8782F22E5C4A000054CA8 /* CALayer+XibConfiguration.m */ = {isa = PBXFileReference; fileEncoding = 4; lastKnownFileType = sourcecode.c.objc; path = "CALayer+XibConfiguration.m"; sourceTree = "<group>"; };
		C0B8783022E5C4A000054CA8 /* UIAlertView+ITTAdditions.m */ = {isa = PBXFileReference; fileEncoding = 4; lastKnownFileType = sourcecode.c.objc; path = "UIAlertView+ITTAdditions.m"; sourceTree = "<group>"; };
		C0B8783122E5C4A000054CA8 /* UIView+ITTAdditions.h */ = {isa = PBXFileReference; fileEncoding = 4; lastKnownFileType = sourcecode.c.h; path = "UIView+ITTAdditions.h"; sourceTree = "<group>"; };
		C0B8783222E5C4A000054CA8 /* CALayer+XibConfiguration.h */ = {isa = PBXFileReference; fileEncoding = 4; lastKnownFileType = sourcecode.c.h; path = "CALayer+XibConfiguration.h"; sourceTree = "<group>"; };
		C0B8783322E5C4A000054CA8 /* UIAlertView+ITTAdditions.h */ = {isa = PBXFileReference; fileEncoding = 4; lastKnownFileType = sourcecode.c.h; path = "UIAlertView+ITTAdditions.h"; sourceTree = "<group>"; };
		C0B8783422E5C4A000054CA8 /* UIView+ITTAdditions.m */ = {isa = PBXFileReference; fileEncoding = 4; lastKnownFileType = sourcecode.c.objc; path = "UIView+ITTAdditions.m"; sourceTree = "<group>"; };
		C0B8783622E5C4A000054CA8 /* MBHUDHelper.h */ = {isa = PBXFileReference; fileEncoding = 4; lastKnownFileType = sourcecode.c.h; path = MBHUDHelper.h; sourceTree = "<group>"; };
		C0B8783922E5C4A000054CA8 /* MBHUDHelper.m */ = {isa = PBXFileReference; fileEncoding = 4; lastKnownFileType = sourcecode.c.objc; path = MBHUDHelper.m; sourceTree = "<group>"; };
		C0B8783B22E5C4A000054CA8 /* VHStystemSetting.h */ = {isa = PBXFileReference; fileEncoding = 4; lastKnownFileType = sourcecode.c.h; path = VHStystemSetting.h; sourceTree = "<group>"; };
		C0B8783C22E5C4A000054CA8 /* VHStystemSetting.m */ = {isa = PBXFileReference; fileEncoding = 4; lastKnownFileType = sourcecode.c.objc; path = VHStystemSetting.m; sourceTree = "<group>"; };
		C0B8783E22E5C4A000054CA8 /* VHBaseViewController.m */ = {isa = PBXFileReference; fileEncoding = 4; lastKnownFileType = sourcecode.c.objc; path = VHBaseViewController.m; sourceTree = "<group>"; };
		C0B8783F22E5C4A000054CA8 /* VHBaseViewController.h */ = {isa = PBXFileReference; fileEncoding = 4; lastKnownFileType = sourcecode.c.h; path = VHBaseViewController.h; sourceTree = "<group>"; };
		C0B8784C22E5C4E200054CA8 /* WatchViewController.xib */ = {isa = PBXFileReference; fileEncoding = 4; lastKnownFileType = file.xib; path = WatchViewController.xib; sourceTree = "<group>"; };
		C0B8784D22E5C4E200054CA8 /* WatchVodViewController.xib */ = {isa = PBXFileReference; fileEncoding = 4; lastKnownFileType = file.xib; path = WatchVodViewController.xib; sourceTree = "<group>"; };
		C0B8784E22E5C4E200054CA8 /* WatchVodViewController.h */ = {isa = PBXFileReference; fileEncoding = 4; lastKnownFileType = sourcecode.c.h; path = WatchVodViewController.h; sourceTree = "<group>"; };
		C0B8784F22E5C4E200054CA8 /* WatchViewController.h */ = {isa = PBXFileReference; fileEncoding = 4; lastKnownFileType = sourcecode.c.h; path = WatchViewController.h; sourceTree = "<group>"; };
		C0B8785022E5C4E200054CA8 /* WatchViewController.m */ = {isa = PBXFileReference; fileEncoding = 4; lastKnownFileType = sourcecode.c.objc; path = WatchViewController.m; sourceTree = "<group>"; };
		C0B8785122E5C4E200054CA8 /* WatchVodViewController.m */ = {isa = PBXFileReference; fileEncoding = 4; lastKnownFileType = sourcecode.c.objc; path = WatchVodViewController.m; sourceTree = "<group>"; };
		C0B8785322E5C4E200054CA8 /* PublishViewController.xib */ = {isa = PBXFileReference; fileEncoding = 4; lastKnownFileType = file.xib; path = PublishViewController.xib; sourceTree = "<group>"; };
		C0B8785422E5C4E200054CA8 /* SampleScreenViewController.m */ = {isa = PBXFileReference; fileEncoding = 4; lastKnownFileType = sourcecode.c.objc; path = SampleScreenViewController.m; sourceTree = "<group>"; };
		C0B8785522E5C4E200054CA8 /* PublishViewController.m */ = {isa = PBXFileReference; fileEncoding = 4; lastKnownFileType = sourcecode.c.objc; path = PublishViewController.m; sourceTree = "<group>"; };
		C0B8785622E5C4E200054CA8 /* SampleScreenViewController.h */ = {isa = PBXFileReference; fileEncoding = 4; lastKnownFileType = sourcecode.c.h; path = SampleScreenViewController.h; sourceTree = "<group>"; };
		C0B8785722E5C4E200054CA8 /* PublishViewController.h */ = {isa = PBXFileReference; fileEncoding = 4; lastKnownFileType = sourcecode.c.h; path = PublishViewController.h; sourceTree = "<group>"; };
		C0B8785822E5C4E200054CA8 /* SampleScreenViewController.xib */ = {isa = PBXFileReference; fileEncoding = 4; lastKnownFileType = file.xib; path = SampleScreenViewController.xib; sourceTree = "<group>"; };
		C0B8788022E5D5A300054CA8 /* ITTXibView.h */ = {isa = PBXFileReference; fileEncoding = 4; lastKnownFileType = sourcecode.c.h; path = ITTXibView.h; sourceTree = "<group>"; };
		C0B8788122E5D5A300054CA8 /* ITTXibViewUtils.m */ = {isa = PBXFileReference; fileEncoding = 4; lastKnownFileType = sourcecode.c.objc; path = ITTXibViewUtils.m; sourceTree = "<group>"; };
		C0B8788222E5D5A300054CA8 /* ITTXibView.m */ = {isa = PBXFileReference; fileEncoding = 4; lastKnownFileType = sourcecode.c.objc; path = ITTXibView.m; sourceTree = "<group>"; };
		C0B8788322E5D5A300054CA8 /* ITTXibViewUtils.h */ = {isa = PBXFileReference; fileEncoding = 4; lastKnownFileType = sourcecode.c.h; path = ITTXibViewUtils.h; sourceTree = "<group>"; };
		C0B8788722E6AAB600054CA8 /* VHSettingViewController.h */ = {isa = PBXFileReference; fileEncoding = 4; lastKnownFileType = sourcecode.c.h; path = VHSettingViewController.h; sourceTree = "<group>"; };
		C0B8788822E6AAB600054CA8 /* VHSettingTableViewCell.h */ = {isa = PBXFileReference; fileEncoding = 4; lastKnownFileType = sourcecode.c.h; path = VHSettingTableViewCell.h; sourceTree = "<group>"; };
		C0B8788922E6AAB600054CA8 /* VHSettingViewController.xib */ = {isa = PBXFileReference; fileEncoding = 4; lastKnownFileType = file.xib; path = VHSettingViewController.xib; sourceTree = "<group>"; };
		C0B8788B22E6AAB600054CA8 /* VHSettingGroup.m */ = {isa = PBXFileReference; fileEncoding = 4; lastKnownFileType = sourcecode.c.objc; path = VHSettingGroup.m; sourceTree = "<group>"; };
		C0B8788C22E6AAB600054CA8 /* CustomPickerView.m */ = {isa = PBXFileReference; fileEncoding = 4; lastKnownFileType = sourcecode.c.objc; path = CustomPickerView.m; sourceTree = "<group>"; };
		C0B8788D22E6AAB600054CA8 /* VHSettingArrowItem.h */ = {isa = PBXFileReference; fileEncoding = 4; lastKnownFileType = sourcecode.c.h; path = VHSettingArrowItem.h; sourceTree = "<group>"; };
		C0B8788E22E6AAB600054CA8 /* VHSettingTextFieldItem.h */ = {isa = PBXFileReference; fileEncoding = 4; lastKnownFileType = sourcecode.c.h; path = VHSettingTextFieldItem.h; sourceTree = "<group>"; };
		C0B8788F22E6AAB600054CA8 /* VHSettingItem.m */ = {isa = PBXFileReference; fileEncoding = 4; lastKnownFileType = sourcecode.c.objc; path = VHSettingItem.m; sourceTree = "<group>"; };
		C0B8789022E6AAB600054CA8 /* VHSettingGroup.h */ = {isa = PBXFileReference; fileEncoding = 4; lastKnownFileType = sourcecode.c.h; path = VHSettingGroup.h; sourceTree = "<group>"; };
		C0B8789122E6AAB600054CA8 /* CustomPickerView.xib */ = {isa = PBXFileReference; fileEncoding = 4; lastKnownFileType = file.xib; path = CustomPickerView.xib; sourceTree = "<group>"; };
		C0B8789222E6AAB600054CA8 /* VHSettingArrowItem.m */ = {isa = PBXFileReference; fileEncoding = 4; lastKnownFileType = sourcecode.c.objc; path = VHSettingArrowItem.m; sourceTree = "<group>"; };
		C0B8789322E6AAB600054CA8 /* CustomPickerView.h */ = {isa = PBXFileReference; fileEncoding = 4; lastKnownFileType = sourcecode.c.h; path = CustomPickerView.h; sourceTree = "<group>"; };
		C0B8789422E6AAB600054CA8 /* VHSettingItem.h */ = {isa = PBXFileReference; fileEncoding = 4; lastKnownFileType = sourcecode.c.h; path = VHSettingItem.h; sourceTree = "<group>"; };
		C0B8789522E6AAB600054CA8 /* VHSettingTextFieldItem.m */ = {isa = PBXFileReference; fileEncoding = 4; lastKnownFileType = sourcecode.c.objc; path = VHSettingTextFieldItem.m; sourceTree = "<group>"; };
		C0B8789622E6AAB600054CA8 /* VHSettingViewController.m */ = {isa = PBXFileReference; fileEncoding = 4; lastKnownFileType = sourcecode.c.objc; path = VHSettingViewController.m; sourceTree = "<group>"; };
		C0B8789722E6AAB600054CA8 /* VHSettingTableViewCell.m */ = {isa = PBXFileReference; fileEncoding = 4; lastKnownFileType = sourcecode.c.objc; path = VHSettingTableViewCell.m; sourceTree = "<group>"; };
		C0D859D525DAD38100934807 /* ScreenLive.appex */ = {isa = PBXFileReference; explicitFileType = "wrapper.app-extension"; includeInIndex = 0; path = ScreenLive.appex; sourceTree = BUILT_PRODUCTS_DIR; };
		C0D859D625DAD38100934807 /* ReplayKit.framework */ = {isa = PBXFileReference; lastKnownFileType = wrapper.framework; name = ReplayKit.framework; path = System/Library/Frameworks/ReplayKit.framework; sourceTree = SDKROOT; };
		C0D859D925DAD38100934807 /* SampleHandler.h */ = {isa = PBXFileReference; lastKnownFileType = sourcecode.c.h; path = SampleHandler.h; sourceTree = "<group>"; };
		C0D859DA25DAD38100934807 /* SampleHandler.m */ = {isa = PBXFileReference; lastKnownFileType = sourcecode.c.objc; path = SampleHandler.m; sourceTree = "<group>"; };
		C0D859DC25DAD38100934807 /* Info.plist */ = {isa = PBXFileReference; lastKnownFileType = text.plist.xml; path = Info.plist; sourceTree = "<group>"; };
		C0D859E625DD606900934807 /* VHScreenShare.framework */ = {isa = PBXFileReference; lastKnownFileType = wrapper.framework; name = VHScreenShare.framework; path = ../../../vhallyun_sdk_vrtc/VHYunFrameworks/VHScreenShare.framework; sourceTree = "<group>"; };
/* End PBXFileReference section */

/* Begin PBXFrameworksBuildPhase section */
		C051420D22E1723A004E89D6 /* Frameworks */ = {
			isa = PBXFrameworksBuildPhase;
			buildActionMask = 2147483647;
			files = (
				C0200D962326495A0074C488 /* libc++.1.tbd in Frameworks */,
				C051B81E256B93E7007B2CD6 /* libVHDLNA.a in Frameworks */,
				FE4D2980C94CFB4D0D7E43D7 /* libPods-VHYunSDKDemo_LSS.a in Frameworks */,
			);
			runOnlyForDeploymentPostprocessing = 0;
		};
		C0D859D225DAD38100934807 /* Frameworks */ = {
			isa = PBXFrameworksBuildPhase;
			buildActionMask = 2147483647;
			files = (
				C0D859D725DAD38100934807 /* ReplayKit.framework in Frameworks */,
				C0D859E825DD607200934807 /* VHScreenShare.framework in Frameworks */,
			);
			runOnlyForDeploymentPostprocessing = 0;
		};
/* End PBXFrameworksBuildPhase section */

/* Begin PBXGroup section */
		5AA5C0590DB8C5F8DF51D9AC /* Pods */ = {
			isa = PBXGroup;
			children = (
				410EAB3E98C959F330465D54 /* Pods-VHYunSDKDemo_LSS.debug.xcconfig */,
				28378BEA8BE1640B26F80AB6 /* Pods-VHYunSDKDemo_LSS.release.xcconfig */,
			);
			path = Pods;
			sourceTree = "<group>";
		};
		C009D52E230BDB2000F22516 /* VHPlayerSkin */ = {
			isa = PBXGroup;
			children = (
				C009D52F230BDB2000F22516 /* Skins */,
				C009D53B230BDB2000F22516 /* Utils */,
				C009D540230BDB2000F22516 /* VHSKinBundle.bundle */,
				C009D541230BDB2000F22516 /* Views */,
			);
			path = VHPlayerSkin;
			sourceTree = "<group>";
		};
		C009D52F230BDB2000F22516 /* Skins */ = {
			isa = PBXGroup;
			children = (
				C009D538230BDB2000F22516 /* VHBaseSkinPlayerView.h */,
				C009D53A230BDB2000F22516 /* VHBaseSkinPlayerView.m */,
				C009D539230BDB2000F22516 /* VHSkinCoverView.h */,
				C009D530230BDB2000F22516 /* VHSkinCoverView.m */,
				03CFE47825502AAD00111B52 /* VHVideoPointPopView.h */,
				03CFE47925502AAD00111B52 /* VHVideoPointPopView.m */,
				C009D531230BDB2000F22516 /* Skin0 */,
			);
			path = Skins;
			sourceTree = "<group>";
		};
		C009D531230BDB2000F22516 /* Skin0 */ = {
			isa = PBXGroup;
			children = (
				C009D533230BDB2000F22516 /* VHCustomPlayerSkinView.h */,
				C009D537230BDB2000F22516 /* VHCustomPlayerSkinView.m */,
				C009D535230BDB2000F22516 /* VHCstomMoreView.h */,
				C009D532230BDB2000F22516 /* VHCstomMoreView.m */,
				C009D534230BDB2000F22516 /* VHCstomResolutionView.h */,
				C009D536230BDB2000F22516 /* VHCstomResolutionView.m */,
			);
			path = Skin0;
			sourceTree = "<group>";
		};
		C009D53B230BDB2000F22516 /* Utils */ = {
			isa = PBXGroup;
			children = (
				C009D53C230BDB2000F22516 /* UIView+Fade.h */,
				C009D53E230BDB2000F22516 /* UIView+Fade.m */,
				C009D53F230BDB2000F22516 /* VHPlayerSkinTool.h */,
				C009D53D230BDB2000F22516 /* VHPlayerSkinTool.m */,
			);
			path = Utils;
			sourceTree = "<group>";
		};
		C009D541230BDB2000F22516 /* Views */ = {
			isa = PBXGroup;
			children = (
				C009D542230BDB2000F22516 /* VHSwitch.h */,
				C009D544230BDB2000F22516 /* VHSwitch.m */,
				C009D545230BDB2000F22516 /* VHPlaySlider.h */,
				C009D543230BDB2000F22516 /* VHPlaySlider.m */,
			);
			path = Views;
			sourceTree = "<group>";
		};
		C0200D942326495A0074C488 /* Frameworks */ = {
			isa = PBXGroup;
			children = (
				C0200D952326495A0074C488 /* libc++.1.tbd */,
				C0D859D625DAD38100934807 /* ReplayKit.framework */,
				9763E14BA1D1812DF75511BA /* Pods_VHYunSDKDemo_LSS.framework */,
				AB915136CC252B59FD9BB571 /* libPods-VHYunSDKDemo_LSS.a */,
			);
			name = Frameworks;
			sourceTree = "<group>";
		};
		C051420722E1723A004E89D6 = {
			isa = PBXGroup;
			children = (
				C051421222E1723A004E89D6 /* VHYunSDKDemo_LSS */,
				C0D859D825DAD38100934807 /* ScreenLive */,
				C051421122E1723A004E89D6 /* Products */,
				C0200D942326495A0074C488 /* Frameworks */,
				5AA5C0590DB8C5F8DF51D9AC /* Pods */,
			);
			sourceTree = "<group>";
		};
		C051421122E1723A004E89D6 /* Products */ = {
			isa = PBXGroup;
			children = (
				C051421022E1723A004E89D6 /* VHYunSDKDemo_LSS.app */,
				C0D859D525DAD38100934807 /* ScreenLive.appex */,
			);
			name = Products;
			sourceTree = "<group>";
		};
		C051421222E1723A004E89D6 /* VHYunSDKDemo_LSS */ = {
			isa = PBXGroup;
			children = (
				C009D52E230BDB2000F22516 /* VHPlayerSkin */,
				C017BA8522F28DB800A103EC /* CONSTS.h */,
				C051421322E1723A004E89D6 /* AppDelegate.h */,
				C051421422E1723A004E89D6 /* AppDelegate.m */,
				C051421622E1723A004E89D6 /* ViewController.h */,
				C051421722E1723A004E89D6 /* ViewController.m */,
				C0B8785222E5C4E200054CA8 /* Publish */,
				C0B8784B22E5C4E200054CA8 /* Watch */,
				C051421922E1723A004E89D6 /* Main.storyboard */,
				C051421C22E17249004E89D6 /* Assets.xcassets */,
				C051421E22E17249004E89D6 /* LaunchScreen.storyboard */,
				C051422122E17249004E89D6 /* Info.plist */,
				C051422222E17249004E89D6 /* main.m */,
				C0B8788622E6AAB600054CA8 /* Setting */,
				C0B8782422E5C4A000054CA8 /* VHCommon */,
			);
			path = VHYunSDKDemo_LSS;
			sourceTree = "<group>";
		};
		C051B804256B93E7007B2CD6 /* DLNA */ = {
			isa = PBXGroup;
			children = (
				C051B805256B93E7007B2CD6 /* VHDLNAControl.h */,
				C051B806256B93E7007B2CD6 /* VHDLNADevice.h */,
				C051B807256B93E7007B2CD6 /* libVHDLNA.a */,
				C051B81A256B93E7007B2CD6 /* DLNAView.h */,
				C051B808256B93E7007B2CD6 /* DLNAView.m */,
				C051B809256B93E7007B2CD6 /* image */,
				C051B81B256B93E7007B2CD6 /* TableViewCell */,
			);
			path = DLNA;
			sourceTree = "<group>";
		};
		C051B809256B93E7007B2CD6 /* image */ = {
			isa = PBXGroup;
			children = (
				C051B80A256B93E7007B2CD6 /* DLNA_sound_max@2x.png */,
				C051B80B256B93E7007B2CD6 /* DLNA_Play@2x.png */,
				C051B80C256B93E7007B2CD6 /* DLNA_sound_min@2x.png */,
				C051B80D256B93E7007B2CD6 /* DLNA_sound_min@3x.png */,
				C051B80E256B93E7007B2CD6 /* DLNA_Play@3x.png */,
				C051B80F256B93E7007B2CD6 /* DLNA_sound_max@3x.png */,
				C051B810256B93E7007B2CD6 /* DLNA_close@2x.png */,
				C051B811256B93E7007B2CD6 /* DLNA_hide@2x.png */,
				C051B812256B93E7007B2CD6 /* DLNA_hide@3x.png */,
				C051B813256B93E7007B2CD6 /* DLNA_close@3x.png */,
				C051B814256B93E7007B2CD6 /* DLNA_Pause@3x.png */,
				C051B815256B93E7007B2CD6 /* DLNA_show@3x.png */,
				C051B816256B93E7007B2CD6 /* DLNA_show@2x.png */,
				C051B817256B93E7007B2CD6 /* DLNA_Pause@2x.png */,
				C051B818256B93E7007B2CD6 /* DLNA_seekbar@2x.png */,
				C051B819256B93E7007B2CD6 /* DLNA_seekbar@3x.png */,
			);
			path = image;
			sourceTree = "<group>";
		};
		C051B81B256B93E7007B2CD6 /* TableViewCell */ = {
			isa = PBXGroup;
			children = (
				C051B81C256B93E7007B2CD6 /* DeviceTableViewCell.h */,
				C051B81D256B93E7007B2CD6 /* DeviceTableViewCell.m */,
			);
			path = TableViewCell;
			sourceTree = "<group>";
		};
		C0B8782422E5C4A000054CA8 /* VHCommon */ = {
			isa = PBXGroup;
			children = (
				C0B8782522E5C4A000054CA8 /* InitSDK */,
				C0B8782B22E5C4A000054CA8 /* Utils */,
				C0B8783A22E5C4A000054CA8 /* Setting */,
				C0B8783D22E5C4A000054CA8 /* Base */,
			);
			path = VHCommon;
			sourceTree = "<group>";
		};
		C0B8782522E5C4A000054CA8 /* InitSDK */ = {
			isa = PBXGroup;
			children = (
				C0B8782A22E5C4A000054CA8 /* ViewController+vhall.h */,
				C0B8782722E5C4A000054CA8 /* ViewController+vhall.m */,
				C0B8782622E5C4A000054CA8 /* InitSDKViewController.h */,
				C0B8782822E5C4A000054CA8 /* InitSDKViewController.m */,
				C0B8782922E5C4A000054CA8 /* InitSDKViewController.xib */,
			);
			path = InitSDK;
			sourceTree = "<group>";
		};
		C0B8782B22E5C4A000054CA8 /* Utils */ = {
			isa = PBXGroup;
			children = (
				C0B8787F22E5D5A300054CA8 /* XIBUtils */,
				C0B8782C22E5C4A000054CA8 /* VHStatisticsStystem.m */,
				C0B8782D22E5C4A000054CA8 /* VHStatisticsStystem.h */,
				C0B8782E22E5C4A000054CA8 /* View */,
				C0B8783522E5C4A000054CA8 /* MBProgressHUD */,
			);
			path = Utils;
			sourceTree = "<group>";
		};
		C0B8782E22E5C4A000054CA8 /* View */ = {
			isa = PBXGroup;
			children = (
				C0B8782F22E5C4A000054CA8 /* CALayer+XibConfiguration.m */,
				C0B8783022E5C4A000054CA8 /* UIAlertView+ITTAdditions.m */,
				C0B8783122E5C4A000054CA8 /* UIView+ITTAdditions.h */,
				C0B8783222E5C4A000054CA8 /* CALayer+XibConfiguration.h */,
				C0B8783322E5C4A000054CA8 /* UIAlertView+ITTAdditions.h */,
				C0B8783422E5C4A000054CA8 /* UIView+ITTAdditions.m */,
			);
			path = View;
			sourceTree = "<group>";
		};
		C0B8783522E5C4A000054CA8 /* MBProgressHUD */ = {
			isa = PBXGroup;
			children = (
				C0B8783622E5C4A000054CA8 /* MBHUDHelper.h */,
				C0B8783922E5C4A000054CA8 /* MBHUDHelper.m */,
				03CFE47C25502FC900111B52 /* MBProgressHUD.h */,
				03CFE47B25502FC800111B52 /* MBProgressHUD.m */,
			);
			path = MBProgressHUD;
			sourceTree = "<group>";
		};
		C0B8783A22E5C4A000054CA8 /* Setting */ = {
			isa = PBXGroup;
			children = (
				C0B8783B22E5C4A000054CA8 /* VHStystemSetting.h */,
				C0B8783C22E5C4A000054CA8 /* VHStystemSetting.m */,
			);
			path = Setting;
			sourceTree = "<group>";
		};
		C0B8783D22E5C4A000054CA8 /* Base */ = {
			isa = PBXGroup;
			children = (
				C0B8783E22E5C4A000054CA8 /* VHBaseViewController.m */,
				C0B8783F22E5C4A000054CA8 /* VHBaseViewController.h */,
			);
			path = Base;
			sourceTree = "<group>";
		};
		C0B8784B22E5C4E200054CA8 /* Watch */ = {
			isa = PBXGroup;
			children = (
				C051B804256B93E7007B2CD6 /* DLNA */,
				C0B8784F22E5C4E200054CA8 /* WatchViewController.h */,
				C0B8785022E5C4E200054CA8 /* WatchViewController.m */,
				C0B8784C22E5C4E200054CA8 /* WatchViewController.xib */,
				C0B8784E22E5C4E200054CA8 /* WatchVodViewController.h */,
				C0B8785122E5C4E200054CA8 /* WatchVodViewController.m */,
				C0B8784D22E5C4E200054CA8 /* WatchVodViewController.xib */,
				4EB3C8E526CA624F00F9DF71 /* WatchTimeshiftViewController.h */,
				4EB3C8E626CA624F00F9DF71 /* WatchTimeshiftViewController.m */,
				4EB3C8E726CA624F00F9DF71 /* WatchTimeshiftViewController.xib */,
				C0958D28231548500008BF75 /* VHPlayerSkinViewController.h */,
				C0958D27231548500008BF75 /* VHPlayerSkinViewController.m */,
				C02F5CED230FF3C200AE2A4B /* VHSmallPlayerWindow.h */,
				C02F5CEE230FF3C200AE2A4B /* VHSmallPlayerWindow.m */,
			);
			path = Watch;
			sourceTree = "<group>";
		};
		C0B8785222E5C4E200054CA8 /* Publish */ = {
			isa = PBXGroup;
			children = (
				C0B8785722E5C4E200054CA8 /* PublishViewController.h */,
				C0B8785522E5C4E200054CA8 /* PublishViewController.m */,
				C0B8785322E5C4E200054CA8 /* PublishViewController.xib */,
				C0B8785622E5C4E200054CA8 /* SampleScreenViewController.h */,
				C0B8785422E5C4E200054CA8 /* SampleScreenViewController.m */,
				C0B8785822E5C4E200054CA8 /* SampleScreenViewController.xib */,
			);
			path = Publish;
			sourceTree = "<group>";
		};
		C0B8787F22E5D5A300054CA8 /* XIBUtils */ = {
			isa = PBXGroup;
			children = (
				C0B8788022E5D5A300054CA8 /* ITTXibView.h */,
				C0B8788122E5D5A300054CA8 /* ITTXibViewUtils.m */,
				C0B8788222E5D5A300054CA8 /* ITTXibView.m */,
				C0B8788322E5D5A300054CA8 /* ITTXibViewUtils.h */,
			);
			path = XIBUtils;
			sourceTree = "<group>";
		};
		C0B8788622E6AAB600054CA8 /* Setting */ = {
			isa = PBXGroup;
			children = (
				C0B8788A22E6AAB600054CA8 /* View */,
				C0B8788722E6AAB600054CA8 /* VHSettingViewController.h */,
				C0B8789622E6AAB600054CA8 /* VHSettingViewController.m */,
				C0B8788922E6AAB600054CA8 /* VHSettingViewController.xib */,
				C0B8788822E6AAB600054CA8 /* VHSettingTableViewCell.h */,
				C0B8789722E6AAB600054CA8 /* VHSettingTableViewCell.m */,
			);
			path = Setting;
			sourceTree = "<group>";
		};
		C0B8788A22E6AAB600054CA8 /* View */ = {
			isa = PBXGroup;
			children = (
				C0B8789322E6AAB600054CA8 /* CustomPickerView.h */,
				C0B8788C22E6AAB600054CA8 /* CustomPickerView.m */,
				C0B8789122E6AAB600054CA8 /* CustomPickerView.xib */,
				C0B8789022E6AAB600054CA8 /* VHSettingGroup.h */,
				C0B8788B22E6AAB600054CA8 /* VHSettingGroup.m */,
				C0B8788D22E6AAB600054CA8 /* VHSettingArrowItem.h */,
				C0B8789222E6AAB600054CA8 /* VHSettingArrowItem.m */,
				C0B8789422E6AAB600054CA8 /* VHSettingItem.h */,
				C0B8788F22E6AAB600054CA8 /* VHSettingItem.m */,
				C0B8789522E6AAB600054CA8 /* VHSettingTextFieldItem.m */,
				C0B8788E22E6AAB600054CA8 /* VHSettingTextFieldItem.h */,
			);
			path = View;
			sourceTree = "<group>";
		};
		C0D859D825DAD38100934807 /* ScreenLive */ = {
			isa = PBXGroup;
			children = (
				C0D859E625DD606900934807 /* VHScreenShare.framework */,
				C0D859D925DAD38100934807 /* SampleHandler.h */,
				C0D859DA25DAD38100934807 /* SampleHandler.m */,
				C0D859DC25DAD38100934807 /* Info.plist */,
			);
			path = ScreenLive;
			sourceTree = "<group>";
		};
/* End PBXGroup section */

/* Begin PBXNativeTarget section */
		C051420F22E1723A004E89D6 /* VHYunSDKDemo_LSS */ = {
			isa = PBXNativeTarget;
			buildConfigurationList = C051422622E17249004E89D6 /* Build configuration list for PBXNativeTarget "VHYunSDKDemo_LSS" */;
			buildPhases = (
				B329CB1723B8F09D32AEF863 /* [CP] Check Pods Manifest.lock */,
				C051420C22E1723A004E89D6 /* Sources */,
				C051420D22E1723A004E89D6 /* Frameworks */,
				C051420E22E1723A004E89D6 /* Resources */,
				C051426B22E1B9BA004E89D6 /* Embed Frameworks */,
				C01AD0A2241B764800C0DE86 /* ShellScript */,
				2097BC4946697523C8C5E8B7 /* [CP] Embed Pods Frameworks */,
				4C1F1AFCF85352C972480FA3 /* [CP] Copy Pods Resources */,
				C0D859E025DAD38100934807 /* Embed App Extensions */,
			);
			buildRules = (
			);
			dependencies = (
				C0D859DE25DAD38100934807 /* PBXTargetDependency */,
			);
			name = VHYunSDKDemo_LSS;
			productName = VHYunSDKDemo_LSS;
			productReference = C051421022E1723A004E89D6 /* VHYunSDKDemo_LSS.app */;
			productType = "com.apple.product-type.application";
		};
		C0D859D425DAD38100934807 /* ScreenLive */ = {
			isa = PBXNativeTarget;
			buildConfigurationList = C0D859E325DAD38100934807 /* Build configuration list for PBXNativeTarget "ScreenLive" */;
			buildPhases = (
				C0D859D125DAD38100934807 /* Sources */,
				C0D859D225DAD38100934807 /* Frameworks */,
				C0D859D325DAD38100934807 /* Resources */,
				C0D859EA25DD607200934807 /* Embed Frameworks */,
			);
			buildRules = (
			);
			dependencies = (
			);
			name = ScreenLive;
			productName = ScreenLive;
			productReference = C0D859D525DAD38100934807 /* ScreenLive.appex */;
			productType = "com.apple.product-type.app-extension";
		};
/* End PBXNativeTarget section */

/* Begin PBXProject section */
		C051420822E1723A004E89D6 /* Project object */ = {
			isa = PBXProject;
			attributes = {
				DefaultBuildSystemTypeForWorkspace = Original;
				LastUpgradeCheck = 1020;
				ORGANIZATIONNAME = vhall;
				TargetAttributes = {
					C051420F22E1723A004E89D6 = {
						CreatedOnToolsVersion = 10.2.1;
					};
					C0D859D425DAD38100934807 = {
						CreatedOnToolsVersion = 12.4;
					};
				};
			};
			buildConfigurationList = C051420B22E1723A004E89D6 /* Build configuration list for PBXProject "VHYunSDKDemo_LSS" */;
			compatibilityVersion = "Xcode 9.3";
			developmentRegion = en;
			hasScannedForEncodings = 0;
			knownRegions = (
				en,
				Base,
			);
			mainGroup = C051420722E1723A004E89D6;
			productRefGroup = C051421122E1723A004E89D6 /* Products */;
			projectDirPath = "";
			projectRoot = "";
			targets = (
				C051420F22E1723A004E89D6 /* VHYunSDKDemo_LSS */,
				C0D859D425DAD38100934807 /* ScreenLive */,
			);
		};
/* End PBXProject section */

/* Begin PBXResourcesBuildPhase section */
		C051420E22E1723A004E89D6 /* Resources */ = {
			isa = PBXResourcesBuildPhase;
			buildActionMask = 2147483647;
			files = (
				C0B8786022E5C4E200054CA8 /* SampleScreenViewController.xib in Resources */,
				C009D54D230BDB2000F22516 /* VHSKinBundle.bundle in Resources */,
				C051B824256B93E7007B2CD6 /* DLNA_Play@3x.png in Resources */,
				C051B820256B93E7007B2CD6 /* DLNA_sound_max@2x.png in Resources */,
				C051B82C256B93E7007B2CD6 /* DLNA_show@2x.png in Resources */,
				C0B8789C22E6AAB700054CA8 /* CustomPickerView.xib in Resources */,
				C051422022E17249004E89D6 /* LaunchScreen.storyboard in Resources */,
				C051B826256B93E7007B2CD6 /* DLNA_close@2x.png in Resources */,
				4EB3C8E926CA624F00F9DF71 /* WatchTimeshiftViewController.xib in Resources */,
				C051B82D256B93E7007B2CD6 /* DLNA_Pause@2x.png in Resources */,
				C051421D22E17249004E89D6 /* Assets.xcassets in Resources */,
				C051421B22E1723A004E89D6 /* Main.storyboard in Resources */,
				C051B827256B93E7007B2CD6 /* DLNA_hide@2x.png in Resources */,
				C051B82F256B93E7007B2CD6 /* DLNA_seekbar@3x.png in Resources */,
				C051B828256B93E7007B2CD6 /* DLNA_hide@3x.png in Resources */,
				C051B82E256B93E7007B2CD6 /* DLNA_seekbar@2x.png in Resources */,
				C0B8784222E5C4A000054CA8 /* InitSDKViewController.xib in Resources */,
				C051B822256B93E7007B2CD6 /* DLNA_sound_min@2x.png in Resources */,
				C051B823256B93E7007B2CD6 /* DLNA_sound_min@3x.png in Resources */,
				C0B8785A22E5C4E200054CA8 /* WatchVodViewController.xib in Resources */,
				C051B82A256B93E7007B2CD6 /* DLNA_Pause@3x.png in Resources */,
				C051B82B256B93E7007B2CD6 /* DLNA_show@3x.png in Resources */,
				C0B8785D22E5C4E200054CA8 /* PublishViewController.xib in Resources */,
				C0B8789822E6AAB700054CA8 /* VHSettingViewController.xib in Resources */,
				C051B825256B93E7007B2CD6 /* DLNA_sound_max@3x.png in Resources */,
				C051B829256B93E7007B2CD6 /* DLNA_close@3x.png in Resources */,
				C0B8785922E5C4E200054CA8 /* WatchViewController.xib in Resources */,
				C051B821256B93E7007B2CD6 /* DLNA_Play@2x.png in Resources */,
			);
			runOnlyForDeploymentPostprocessing = 0;
		};
		C0D859D325DAD38100934807 /* Resources */ = {
			isa = PBXResourcesBuildPhase;
			buildActionMask = 2147483647;
			files = (
			);
			runOnlyForDeploymentPostprocessing = 0;
		};
/* End PBXResourcesBuildPhase section */

/* Begin PBXShellScriptBuildPhase section */
		2097BC4946697523C8C5E8B7 /* [CP] Embed Pods Frameworks */ = {
			isa = PBXShellScriptBuildPhase;
			buildActionMask = 2147483647;
			files = (
			);
			inputFileListPaths = (
				"${PODS_ROOT}/Target Support Files/Pods-VHYunSDKDemo_LSS/Pods-VHYunSDKDemo_LSS-frameworks-${CONFIGURATION}-input-files.xcfilelist",
			);
			name = "[CP] Embed Pods Frameworks";
			outputFileListPaths = (
				"${PODS_ROOT}/Target Support Files/Pods-VHYunSDKDemo_LSS/Pods-VHYunSDKDemo_LSS-frameworks-${CONFIGURATION}-output-files.xcfilelist",
			);
			runOnlyForDeploymentPostprocessing = 0;
			shellPath = /bin/sh;
			shellScript = "\"${PODS_ROOT}/Target Support Files/Pods-VHYunSDKDemo_LSS/Pods-VHYunSDKDemo_LSS-frameworks.sh\"\n";
			showEnvVarsInLog = 0;
		};
		4C1F1AFCF85352C972480FA3 /* [CP] Copy Pods Resources */ = {
			isa = PBXShellScriptBuildPhase;
			buildActionMask = 2147483647;
			files = (
			);
			inputFileListPaths = (
				"${PODS_ROOT}/Target Support Files/Pods-VHYunSDKDemo_LSS/Pods-VHYunSDKDemo_LSS-resources-${CONFIGURATION}-input-files.xcfilelist",
			);
			name = "[CP] Copy Pods Resources";
			outputFileListPaths = (
				"${PODS_ROOT}/Target Support Files/Pods-VHYunSDKDemo_LSS/Pods-VHYunSDKDemo_LSS-resources-${CONFIGURATION}-output-files.xcfilelist",
			);
			runOnlyForDeploymentPostprocessing = 0;
			shellPath = /bin/sh;
			shellScript = "\"${PODS_ROOT}/Target Support Files/Pods-VHYunSDKDemo_LSS/Pods-VHYunSDKDemo_LSS-resources.sh\"\n";
			showEnvVarsInLog = 0;
		};
		B329CB1723B8F09D32AEF863 /* [CP] Check Pods Manifest.lock */ = {
			isa = PBXShellScriptBuildPhase;
			buildActionMask = 2147483647;
			files = (
			);
			inputFileListPaths = (
			);
			inputPaths = (
				"${PODS_PODFILE_DIR_PATH}/Podfile.lock",
				"${PODS_ROOT}/Manifest.lock",
			);
			name = "[CP] Check Pods Manifest.lock";
			outputFileListPaths = (
			);
			outputPaths = (
				"$(DERIVED_FILE_DIR)/Pods-VHYunSDKDemo_LSS-checkManifestLockResult.txt",
			);
			runOnlyForDeploymentPostprocessing = 0;
			shellPath = /bin/sh;
			shellScript = "diff \"${PODS_PODFILE_DIR_PATH}/Podfile.lock\" \"${PODS_ROOT}/Manifest.lock\" > /dev/null\nif [ $? != 0 ] ; then\n    # print error to STDERR\n    echo \"error: The sandbox is not in sync with the Podfile.lock. Run 'pod install' or update your CocoaPods installation.\" >&2\n    exit 1\nfi\n# This output is used by Xcode 'outputs' to avoid re-running this script phase.\necho \"SUCCESS\" > \"${SCRIPT_OUTPUT_FILE_0}\"\n";
			showEnvVarsInLog = 0;
		};
		C01AD0A2241B764800C0DE86 /* ShellScript */ = {
			isa = PBXShellScriptBuildPhase;
			buildActionMask = 2147483647;
			files = (
			);
			inputFileListPaths = (
			);
			inputPaths = (
			);
			outputFileListPaths = (
			);
			outputPaths = (
			);
			runOnlyForDeploymentPostprocessing = 0;
			shellPath = /bin/sh;
			shellScript = "
";
		};
/* End PBXShellScriptBuildPhase section */

/* Begin PBXSourcesBuildPhase section */
		C051420C22E1723A004E89D6 /* Sources */ = {
			isa = PBXSourcesBuildPhase;
			buildActionMask = 2147483647;
			files = (
				C009D54C230BDB2000F22516 /* UIView+Fade.m in Sources */,
				03CFE47A25502AAD00111B52 /* VHVideoPointPopView.m in Sources */,
				C0B8788422E5D5A300054CA8 /* ITTXibViewUtils.m in Sources */,
				C0B8784422E5C4A000054CA8 /* CALayer+XibConfiguration.m in Sources */,
				C0B8784A22E5C4A000054CA8 /* VHBaseViewController.m in Sources */,
				C0B8785B22E5C4E200054CA8 /* WatchViewController.m in Sources */,
				4EB3C8E826CA624F00F9DF71 /* WatchTimeshiftViewController.m in Sources */,
				C0B878A022E6AAB700054CA8 /* VHSettingTableViewCell.m in Sources */,
				03CFE47D25502FC900111B52 /* MBProgressHUD.m in Sources */,
				C0B8785F22E5C4E200054CA8 /* PublishViewController.m in Sources */,
				C009D54A230BDB2000F22516 /* VHBaseSkinPlayerView.m in Sources */,
				C009D549230BDB2000F22516 /* VHCustomPlayerSkinView.m in Sources */,
				C0958D29231548500008BF75 /* VHPlayerSkinViewController.m in Sources */,
				C0B8784522E5C4A000054CA8 /* UIAlertView+ITTAdditions.m in Sources */,
				C0B8784822E5C4A000054CA8 /* MBHUDHelper.m in Sources */,
				C0B8788522E5D5A300054CA8 /* ITTXibView.m in Sources */,
				C051421822E1723A004E89D6 /* ViewController.m in Sources */,
				C0B8789F22E6AAB700054CA8 /* VHSettingViewController.m in Sources */,
				C0B8789D22E6AAB700054CA8 /* VHSettingArrowItem.m in Sources */,
				C0B8784122E5C4A000054CA8 /* InitSDKViewController.m in Sources */,
				C051B830256B93E7007B2CD6 /* DeviceTableViewCell.m in Sources */,
				C02F5CEF230FF3C200AE2A4B /* VHSmallPlayerWindow.m in Sources */,
				C051422322E17249004E89D6 /* main.m in Sources */,
				C0B8785E22E5C4E200054CA8 /* SampleScreenViewController.m in Sources */,
				C0B8784622E5C4A000054CA8 /* UIView+ITTAdditions.m in Sources */,
				C0B8789B22E6AAB700054CA8 /* VHSettingItem.m in Sources */,
				C051B81F256B93E7007B2CD6 /* DLNAView.m in Sources */,
				C0B8789A22E6AAB700054CA8 /* CustomPickerView.m in Sources */,
				C009D54E230BDB2000F22516 /* VHPlaySlider.m in Sources */,
				C0B8784022E5C4A000054CA8 /* ViewController+vhall.m in Sources */,
				C0B8784322E5C4A000054CA8 /* VHStatisticsStystem.m in Sources */,
				C0B8789922E6AAB700054CA8 /* VHSettingGroup.m in Sources */,
				C009D54B230BDB2000F22516 /* VHPlayerSkinTool.m in Sources */,
				C0B8785C22E5C4E200054CA8 /* WatchVodViewController.m in Sources */,
				C009D54F230BDB2000F22516 /* VHSwitch.m in Sources */,
				C0B8784922E5C4A000054CA8 /* VHStystemSetting.m in Sources */,
				C009D548230BDB2000F22516 /* VHCstomResolutionView.m in Sources */,
				C009D546230BDB2000F22516 /* VHSkinCoverView.m in Sources */,
				C051421522E1723A004E89D6 /* AppDelegate.m in Sources */,
				C0B8789E22E6AAB700054CA8 /* VHSettingTextFieldItem.m in Sources */,
				C009D547230BDB2000F22516 /* VHCstomMoreView.m in Sources */,
			);
			runOnlyForDeploymentPostprocessing = 0;
		};
		C0D859D125DAD38100934807 /* Sources */ = {
			isa = PBXSourcesBuildPhase;
			buildActionMask = 2147483647;
			files = (
				C0D859DB25DAD38100934807 /* SampleHandler.m in Sources */,
			);
			runOnlyForDeploymentPostprocessing = 0;
		};
/* End PBXSourcesBuildPhase section */

/* Begin PBXTargetDependency section */
		C0D859DE25DAD38100934807 /* PBXTargetDependency */ = {
			isa = PBXTargetDependency;
			target = C0D859D425DAD38100934807 /* ScreenLive */;
			targetProxy = C0D859DD25DAD38100934807 /* PBXContainerItemProxy */;
		};
/* End PBXTargetDependency section */

/* Begin PBXVariantGroup section */
		C051421922E1723A004E89D6 /* Main.storyboard */ = {
			isa = PBXVariantGroup;
			children = (
				C051421A22E1723A004E89D6 /* Base */,
			);
			name = Main.storyboard;
			sourceTree = "<group>";
		};
		C051421E22E17249004E89D6 /* LaunchScreen.storyboard */ = {
			isa = PBXVariantGroup;
			children = (
				C051421F22E17249004E89D6 /* Base */,
			);
			name = LaunchScreen.storyboard;
			sourceTree = "<group>";
		};
/* End PBXVariantGroup section */

/* Begin XCBuildConfiguration section */
		C051422422E17249004E89D6 /* Debug */ = {
			isa = XCBuildConfiguration;
			buildSettings = {
				ALWAYS_SEARCH_USER_PATHS = NO;
				CLANG_ANALYZER_NONNULL = YES;
				CLANG_ANALYZER_NUMBER_OBJECT_CONVERSION = YES_AGGRESSIVE;
				CLANG_CXX_LANGUAGE_STANDARD = "gnu++14";
				CLANG_CXX_LIBRARY = "libc++";
				CLANG_ENABLE_MODULES = YES;
				CLANG_ENABLE_OBJC_ARC = YES;
				CLANG_ENABLE_OBJC_WEAK = YES;
				CLANG_WARN_BLOCK_CAPTURE_AUTORELEASING = YES;
				CLANG_WARN_BOOL_CONVERSION = YES;
				CLANG_WARN_COMMA = YES;
				CLANG_WARN_CONSTANT_CONVERSION = YES;
				CLANG_WARN_DEPRECATED_OBJC_IMPLEMENTATIONS = YES;
				CLANG_WARN_DIRECT_OBJC_ISA_USAGE = YES_ERROR;
				CLANG_WARN_DOCUMENTATION_COMMENTS = YES;
				CLANG_WARN_EMPTY_BODY = YES;
				CLANG_WARN_ENUM_CONVERSION = YES;
				CLANG_WARN_INFINITE_RECURSION = YES;
				CLANG_WARN_INT_CONVERSION = YES;
				CLANG_WARN_NON_LITERAL_NULL_CONVERSION = YES;
				CLANG_WARN_OBJC_IMPLICIT_RETAIN_SELF = YES;
				CLANG_WARN_OBJC_LITERAL_CONVERSION = YES;
				CLANG_WARN_OBJC_ROOT_CLASS = YES_ERROR;
				CLANG_WARN_RANGE_LOOP_ANALYSIS = YES;
				CLANG_WARN_STRICT_PROTOTYPES = YES;
				CLANG_WARN_SUSPICIOUS_MOVE = YES;
				CLANG_WARN_UNGUARDED_AVAILABILITY = YES_AGGRESSIVE;
				CLANG_WARN_UNREACHABLE_CODE = YES;
				CLANG_WARN__DUPLICATE_METHOD_MATCH = YES;
				CODE_SIGN_IDENTITY = "iPhone Developer";
				COPY_PHASE_STRIP = NO;
				DEBUG_INFORMATION_FORMAT = dwarf;
				ENABLE_STRICT_OBJC_MSGSEND = YES;
				ENABLE_TESTABILITY = YES;
				GCC_C_LANGUAGE_STANDARD = gnu11;
				GCC_DYNAMIC_NO_PIC = NO;
				GCC_NO_COMMON_BLOCKS = YES;
				GCC_OPTIMIZATION_LEVEL = 0;
				GCC_PREPROCESSOR_DEFINITIONS = (
					"DEBUG=1",
					"$(inherited)",
				);
				GCC_WARN_64_TO_32_BIT_CONVERSION = YES;
				GCC_WARN_ABOUT_RETURN_TYPE = YES_ERROR;
				GCC_WARN_UNDECLARED_SELECTOR = YES;
				GCC_WARN_UNINITIALIZED_AUTOS = YES_AGGRESSIVE;
				GCC_WARN_UNUSED_FUNCTION = YES;
				GCC_WARN_UNUSED_VARIABLE = YES;
				IPHONEOS_DEPLOYMENT_TARGET = 12.2;
				MTL_ENABLE_DEBUG_INFO = INCLUDE_SOURCE;
				MTL_FAST_MATH = YES;
				ONLY_ACTIVE_ARCH = YES;
				SDKROOT = iphoneos;
			};
			name = Debug;
		};
		C051422522E17249004E89D6 /* Release */ = {
			isa = XCBuildConfiguration;
			buildSettings = {
				ALWAYS_SEARCH_USER_PATHS = NO;
				CLANG_ANALYZER_NONNULL = YES;
				CLANG_ANALYZER_NUMBER_OBJECT_CONVERSION = YES_AGGRESSIVE;
				CLANG_CXX_LANGUAGE_STANDARD = "gnu++14";
				CLANG_CXX_LIBRARY = "libc++";
				CLANG_ENABLE_MODULES = YES;
				CLANG_ENABLE_OBJC_ARC = YES;
				CLANG_ENABLE_OBJC_WEAK = YES;
				CLANG_WARN_BLOCK_CAPTURE_AUTORELEASING = YES;
				CLANG_WARN_BOOL_CONVERSION = YES;
				CLANG_WARN_COMMA = YES;
				CLANG_WARN_CONSTANT_CONVERSION = YES;
				CLANG_WARN_DEPRECATED_OBJC_IMPLEMENTATIONS = YES;
				CLANG_WARN_DIRECT_OBJC_ISA_USAGE = YES_ERROR;
				CLANG_WARN_DOCUMENTATION_COMMENTS = YES;
				CLANG_WARN_EMPTY_BODY = YES;
				CLANG_WARN_ENUM_CONVERSION = YES;
				CLANG_WARN_INFINITE_RECURSION = YES;
				CLANG_WARN_INT_CONVERSION = YES;
				CLANG_WARN_NON_LITERAL_NULL_CONVERSION = YES;
				CLANG_WARN_OBJC_IMPLICIT_RETAIN_SELF = YES;
				CLANG_WARN_OBJC_LITERAL_CONVERSION = YES;
				CLANG_WARN_OBJC_ROOT_CLASS = YES_ERROR;
				CLANG_WARN_RANGE_LOOP_ANALYSIS = YES;
				CLANG_WARN_STRICT_PROTOTYPES = YES;
				CLANG_WARN_SUSPICIOUS_MOVE = YES;
				CLANG_WARN_UNGUARDED_AVAILABILITY = YES_AGGRESSIVE;
				CLANG_WARN_UNREACHABLE_CODE = YES;
				CLANG_WARN__DUPLICATE_METHOD_MATCH = YES;
				CODE_SIGN_IDENTITY = "iPhone Developer";
				COPY_PHASE_STRIP = NO;
				DEBUG_INFORMATION_FORMAT = "dwarf-with-dsym";
				ENABLE_NS_ASSERTIONS = NO;
				ENABLE_STRICT_OBJC_MSGSEND = YES;
				GCC_C_LANGUAGE_STANDARD = gnu11;
				GCC_NO_COMMON_BLOCKS = YES;
				GCC_WARN_64_TO_32_BIT_CONVERSION = YES;
				GCC_WARN_ABOUT_RETURN_TYPE = YES_ERROR;
				GCC_WARN_UNDECLARED_SELECTOR = YES;
				GCC_WARN_UNINITIALIZED_AUTOS = YES_AGGRESSIVE;
				GCC_WARN_UNUSED_FUNCTION = YES;
				GCC_WARN_UNUSED_VARIABLE = YES;
				IPHONEOS_DEPLOYMENT_TARGET = 12.2;
				MTL_ENABLE_DEBUG_INFO = NO;
				MTL_FAST_MATH = YES;
				SDKROOT = iphoneos;
				VALIDATE_PRODUCT = YES;
			};
			name = Release;
		};
		C051422722E17249004E89D6 /* Debug */ = {
			isa = XCBuildConfiguration;
			baseConfigurationReference = 410EAB3E98C959F330465D54 /* Pods-VHYunSDKDemo_LSS.debug.xcconfig */;
			buildSettings = {
				ASSETCATALOG_COMPILER_APPICON_NAME = AppIcon;
				CODE_SIGN_STYLE = Automatic;
				CURRENT_PROJECT_VERSION = 0;
				DEPLOYMENT_POSTPROCESSING = NO;
				DEVELOPMENT_TEAM = H49DK955B9;
				ENABLE_BITCODE = NO;
				"EXCLUDED_ARCHS[sdk=iphonesimulator*]" = arm64;
				FRAMEWORK_SEARCH_PATHS = (
					"$(inherited)",
					"\"${PODS_ROOT}/../../../vhallyun_sdk_base/VHYunFrameworks\"",
					"\"${PODS_ROOT}/../../VHYunFrameworks\"",
				);
				INFOPLIST_FILE = VHYunSDKDemo_LSS/Info.plist;
				IPHONEOS_DEPLOYMENT_TARGET = 9.0;
				LD_RUNPATH_SEARCH_PATHS = (
					"$(inherited)",
					"@executable_path/Frameworks",
				);
				LIBRARY_SEARCH_PATHS = (
					"$(inherited)",
					"$(PROJECT_DIR)/VHYunSDKDemo_LSS/Watch/DLNA",
				);
				MARKETING_VERSION = 2.4.0;
				OTHER_CFLAGS = "-fembed-bitcode";
				OTHER_LDFLAGS = (
					"$(inherited)",
					"-ObjC",
					"-l\"Masonry\"",
					"-l\"SDWebImage\"",
					"-framework",
					"\"Foundation\"",
					"-framework",
					"\"ImageIO\"",
					"-framework",
					"\"UIKit\"",
					"-framework",
					"\"VHCore\"",
					"-framework",
					"\"VHLSS\"",
					"-framework",
					"\"VhallLiveBaseApi\"",
				);
				PRODUCT_BUNDLE_IDENTIFIER = com.vhallyun.lss;
				PRODUCT_NAME = "$(TARGET_NAME)";
				TARGETED_DEVICE_FAMILY = "1,2";
				VALID_ARCHS = "arm64 armv7 x86_64";
			};
			name = Debug;
		};
		C051422822E17249004E89D6 /* Release */ = {
			isa = XCBuildConfiguration;
			baseConfigurationReference = 28378BEA8BE1640B26F80AB6 /* Pods-VHYunSDKDemo_LSS.release.xcconfig */;
			buildSettings = {
				ASSETCATALOG_COMPILER_APPICON_NAME = AppIcon;
				CODE_SIGN_STYLE = Automatic;
				CURRENT_PROJECT_VERSION = 0;
				DEPLOYMENT_POSTPROCESSING = YES;
				DEVELOPMENT_TEAM = H49DK955B9;
				ENABLE_BITCODE = NO;
				"EXCLUDED_ARCHS[sdk=iphonesimulator*]" = arm64;
				FRAMEWORK_SEARCH_PATHS = (
					"$(inherited)",
					"\"${PODS_ROOT}/../../../vhallyun_sdk_base/VHYunFrameworks\"",
					"\"${PODS_ROOT}/../../VHYunFrameworks\"",
				);
				INFOPLIST_FILE = VHYunSDKDemo_LSS/Info.plist;
				IPHONEOS_DEPLOYMENT_TARGET = 9.0;
				LD_RUNPATH_SEARCH_PATHS = (
					"$(inherited)",
					"@executable_path/Frameworks",
				);
				LIBRARY_SEARCH_PATHS = (
					"$(inherited)",
					"$(PROJECT_DIR)/VHYunSDKDemo_LSS/Watch/DLNA",
				);
				MARKETING_VERSION = 2.4.0;
				OTHER_CFLAGS = "-fembed-bitcode";
				OTHER_LDFLAGS = (
					"$(inherited)",
					"-ObjC",
					"-l\"Masonry\"",
					"-l\"SDWebImage\"",
					"-framework",
					"\"Foundation\"",
					"-framework",
					"\"ImageIO\"",
					"-framework",
					"\"UIKit\"",
					"-framework",
					"\"VHCore\"",
					"-framework",
					"\"VHLSS\"",
					"-framework",
					"\"VhallLiveBaseApi\"",
				);
				PRODUCT_BUNDLE_IDENTIFIER = com.vhallyun.lss;
				PRODUCT_NAME = "$(TARGET_NAME)";
				TARGETED_DEVICE_FAMILY = "1,2";
				VALID_ARCHS = "arm64 armv7 x86_64";
			};
			name = Release;
		};
		C0D859E125DAD38100934807 /* Debug */ = {
			isa = XCBuildConfiguration;
			buildSettings = {
				CLANG_WARN_QUOTED_INCLUDE_IN_FRAMEWORK_HEADER = YES;
				CODE_SIGN_STYLE = Automatic;
				DEVELOPMENT_TEAM = H49DK955B9;
				"EXCLUDED_ARCHS[sdk=iphonesimulator*]" = arm64;
				FRAMEWORK_SEARCH_PATHS = "${SRCROOT}/../../vhallyun_sdk_vrtc/VHYunFrameworks";
				INFOPLIST_FILE = ScreenLive/Info.plist;
				IPHONEOS_DEPLOYMENT_TARGET = 12.1;
				LD_RUNPATH_SEARCH_PATHS = (
					"$(inherited)",
					"@executable_path/Frameworks",
					"@executable_path/../../Frameworks",
				);
				MARKETING_VERSION = 2.0;
				PRODUCT_BUNDLE_IDENTIFIER = com.vhallyun.lss.ScreenLive;
				PRODUCT_NAME = "$(TARGET_NAME)";
				SKIP_INSTALL = YES;
				TARGETED_DEVICE_FAMILY = "1,2";
			};
			name = Debug;
		};
		C0D859E225DAD38100934807 /* Release */ = {
			isa = XCBuildConfiguration;
			buildSettings = {
				CLANG_WARN_QUOTED_INCLUDE_IN_FRAMEWORK_HEADER = YES;
				CODE_SIGN_STYLE = Automatic;
				DEVELOPMENT_TEAM = H49DK955B9;
				"EXCLUDED_ARCHS[sdk=iphonesimulator*]" = arm64;
				FRAMEWORK_SEARCH_PATHS = "${SRCROOT}/../../vhallyun_sdk_vrtc/VHYunFrameworks";
				INFOPLIST_FILE = ScreenLive/Info.plist;
				IPHONEOS_DEPLOYMENT_TARGET = 12.1;
				LD_RUNPATH_SEARCH_PATHS = (
					"$(inherited)",
					"@executable_path/Frameworks",
					"@executable_path/../../Frameworks",
				);
				MARKETING_VERSION = 2.0;
				PRODUCT_BUNDLE_IDENTIFIER = com.vhallyun.lss.ScreenLive;
				PRODUCT_NAME = "$(TARGET_NAME)";
				SKIP_INSTALL = YES;
				TARGETED_DEVICE_FAMILY = "1,2";
			};
			name = Release;
		};
/* End XCBuildConfiguration section */

/* Begin XCConfigurationList section */
		C051420B22E1723A004E89D6 /* Build configuration list for PBXProject "VHYunSDKDemo_LSS" */ = {
			isa = XCConfigurationList;
			buildConfigurations = (
				C051422422E17249004E89D6 /* Debug */,
				C051422522E17249004E89D6 /* Release */,
			);
			defaultConfigurationIsVisible = 0;
			defaultConfigurationName = Release;
		};
		C051422622E17249004E89D6 /* Build configuration list for PBXNativeTarget "VHYunSDKDemo_LSS" */ = {
			isa = XCConfigurationList;
			buildConfigurations = (
				C051422722E17249004E89D6 /* Debug */,
				C051422822E17249004E89D6 /* Release */,
			);
			defaultConfigurationIsVisible = 0;
			defaultConfigurationName = Release;
		};
		C0D859E325DAD38100934807 /* Build configuration list for PBXNativeTarget "ScreenLive" */ = {
			isa = XCConfigurationList;
			buildConfigurations = (
				C0D859E125DAD38100934807 /* Debug */,
				C0D859E225DAD38100934807 /* Release */,
			);
			defaultConfigurationIsVisible = 0;
			defaultConfigurationName = Release;
		};
/* End XCConfigurationList section */
	};
	rootObject = C051420822E1723A004E89D6 /* Project object */;
}
